// !$*UTF8*$!
{
	archiveVersion = 1;
	classes = {
	};
	objectVersion = 48;
	objects = {

/* Begin PBXFileReference section */
		3A0001B02034AB1C00A68E68 /* qrencode_inner.h */ = {isa = PBXFileReference; lastKnownFileType = sourcecode.c.h; path = qrencode_inner.h; sourceTree = "<group>"; };
		3A0001B12034AB1C00A68E68 /* mask.h */ = {isa = PBXFileReference; lastKnownFileType = sourcecode.c.h; path = mask.h; sourceTree = "<group>"; };
		3A0001B22034AB1C00A68E68 /* acinclude.m4 */ = {isa = PBXFileReference; lastKnownFileType = text; path = acinclude.m4; sourceTree = "<group>"; };
		3A0001B32034AB1C00A68E68 /* qrinput.h */ = {isa = PBXFileReference; lastKnownFileType = sourcecode.c.h; path = qrinput.h; sourceTree = "<group>"; };
		3A0001B42034AB1C00A68E68 /* bitstream.c */ = {isa = PBXFileReference; lastKnownFileType = sourcecode.c.c; path = bitstream.c; sourceTree = "<group>"; };
		3A0001B52034AB1C00A68E68 /* configure.ac */ = {isa = PBXFileReference; lastKnownFileType = text; path = configure.ac; sourceTree = "<group>"; };
		3A0001B62034AB1C00A68E68 /* rsecc.h */ = {isa = PBXFileReference; lastKnownFileType = sourcecode.c.h; path = rsecc.h; sourceTree = "<group>"; };
		3A0001B72034AB1C00A68E68 /* CMakeLists.txt */ = {isa = PBXFileReference; lastKnownFileType = text; path = CMakeLists.txt; sourceTree = "<group>"; };
		3A0001B82034AB1C00A68E68 /* libqrencode.pc.in */ = {isa = PBXFileReference; lastKnownFileType = text; path = libqrencode.pc.in; sourceTree = "<group>"; };
		3A0001B92034AB1C00A68E68 /* cmake */ = {isa = PBXFileReference; lastKnownFileType = folder; path = cmake; sourceTree = "<group>"; };
		3A0001BA2034AB1C00A68E68 /* ChangeLog */ = {isa = PBXFileReference; lastKnownFileType = text; path = ChangeLog; sourceTree = "<group>"; };
		3A0001BB2034AB1C00A68E68 /* qrencode.1.in */ = {isa = PBXFileReference; lastKnownFileType = text; path = qrencode.1.in; sourceTree = "<group>"; };
		3A0001BC2034AB1C00A68E68 /* mmask.h */ = {isa = PBXFileReference; lastKnownFileType = sourcecode.c.h; path = mmask.h; sourceTree = "<group>"; };
		3A0001BD2034AB1C00A68E68 /* qrencode.c */ = {isa = PBXFileReference; lastKnownFileType = sourcecode.c.c; path = qrencode.c; sourceTree = "<group>"; };
		3A0001BE2034AB1C00A68E68 /* qrspec.h */ = {isa = PBXFileReference; lastKnownFileType = sourcecode.c.h; path = qrspec.h; sourceTree = "<group>"; };
		3A0001BF2034AB1C00A68E68 /* mqrspec.h */ = {isa = PBXFileReference; lastKnownFileType = sourcecode.c.h; path = mqrspec.h; sourceTree = "<group>"; };
		3A0001C02034AB1C00A68E68 /* tests */ = {isa = PBXFileReference; lastKnownFileType = folder; path = tests; sourceTree = "<group>"; };
		3A0001C12034AB1C00A68E68 /* split.c */ = {isa = PBXFileReference; lastKnownFileType = sourcecode.c.c; path = split.c; sourceTree = "<group>"; };
		3A0001C22034AB1C00A68E68 /* makeREADME.sh */ = {isa = PBXFileReference; lastKnownFileType = text.script.sh; path = makeREADME.sh; sourceTree = "<group>"; };
		3A0001C32034AB1C00A68E68 /* qrenc.c */ = {isa = PBXFileReference; lastKnownFileType = sourcecode.c.c; path = qrenc.c; sourceTree = "<group>"; };
		3A0001C42034AB1C00A68E68 /* TODO */ = {isa = PBXFileReference; lastKnownFileType = text; path = TODO; sourceTree = "<group>"; };
		3A0001C52034AB1C00A68E68 /* Makefile.am */ = {isa = PBXFileReference; lastKnownFileType = text; path = Makefile.am; sourceTree = "<group>"; };
		3A0001C62034AB1C00A68E68 /* README.md */ = {isa = PBXFileReference; lastKnownFileType = net.daringfireball.markdown; path = README.md; sourceTree = "<group>"; };
		3A0001C72034AB1C00A68E68 /* use */ = {isa = PBXFileReference; lastKnownFileType = folder; path = use; sourceTree = "<group>"; };
		3A0001C82034AB1C00A68E68 /* qrinput.c */ = {isa = PBXFileReference; lastKnownFileType = sourcecode.c.c; path = qrinput.c; sourceTree = "<group>"; };
		3A0001C92034AB1C00A68E68 /* COPYING */ = {isa = PBXFileReference; lastKnownFileType = text; path = COPYING; sourceTree = "<group>"; };
		3A0001CA2034AB1C00A68E68 /* bitstream.h */ = {isa = PBXFileReference; lastKnownFileType = sourcecode.c.h; path = bitstream.h; sourceTree = "<group>"; };
		3A0001CB2034AB1C00A68E68 /* NEWS */ = {isa = PBXFileReference; lastKnownFileType = text; path = NEWS; sourceTree = "<group>"; };
		3A0001CC2034AB1C00A68E68 /* .gitignore */ = {isa = PBXFileReference; lastKnownFileType = text; path = .gitignore; sourceTree = "<group>"; };
		3A0001CD2034AB1C00A68E68 /* mask.c */ = {isa = PBXFileReference; lastKnownFileType = sourcecode.c.c; path = mask.c; sourceTree = "<group>"; };
		3A0001CE2034AB1C00A68E68 /* rsecc.c */ = {isa = PBXFileReference; lastKnownFileType = sourcecode.c.c; path = rsecc.c; sourceTree = "<group>"; };
		3A0001CF2034AB1C00A68E68 /* mqrspec.c */ = {isa = PBXFileReference; lastKnownFileType = sourcecode.c.c; path = mqrspec.c; sourceTree = "<group>"; };
		3A0001D02034AB1C00A68E68 /* qrspec.c */ = {isa = PBXFileReference; lastKnownFileType = sourcecode.c.c; path = qrspec.c; sourceTree = "<group>"; };
		3A0001D12034AB1C00A68E68 /* qrencode.h */ = {isa = PBXFileReference; lastKnownFileType = sourcecode.c.h; path = qrencode.h; sourceTree = "<group>"; };
		3A0001D22034AB1C00A68E68 /* Doxyfile */ = {isa = PBXFileReference; lastKnownFileType = text; path = Doxyfile; sourceTree = "<group>"; };
		3A0001D32034AB1C00A68E68 /* mmask.c */ = {isa = PBXFileReference; lastKnownFileType = sourcecode.c.c; path = mmask.c; sourceTree = "<group>"; };
		3A0001D42034AB1C00A68E68 /* .travis.yml */ = {isa = PBXFileReference; lastKnownFileType = text; path = .travis.yml; sourceTree = "<group>"; };
		3A0001D52034AB1C00A68E68 /* split.h */ = {isa = PBXFileReference; lastKnownFileType = sourcecode.c.h; path = split.h; sourceTree = "<group>"; };
		3A0001D62034AB1C00A68E68 /* autogen.sh */ = {isa = PBXFileReference; lastKnownFileType = text.script.sh; path = autogen.sh; sourceTree = "<group>"; };
/* End PBXFileReference section */

/* Begin PBXGroup section */
		3A0001AA2034AB1C00A68E68 = {
			isa = PBXGroup;
			children = (
				3A0001B02034AB1C00A68E68 /* qrencode_inner.h */,
				3A0001B12034AB1C00A68E68 /* mask.h */,
				3A0001B22034AB1C00A68E68 /* acinclude.m4 */,
				3A0001B32034AB1C00A68E68 /* qrinput.h */,
				3A0001B42034AB1C00A68E68 /* bitstream.c */,
				3A0001B52034AB1C00A68E68 /* configure.ac */,
				3A0001B62034AB1C00A68E68 /* rsecc.h */,
				3A0001B72034AB1C00A68E68 /* CMakeLists.txt */,
				3A0001B82034AB1C00A68E68 /* libqrencode.pc.in */,
				3A0001B92034AB1C00A68E68 /* cmake */,
				3A0001BA2034AB1C00A68E68 /* ChangeLog */,
				3A0001BB2034AB1C00A68E68 /* qrencode.1.in */,
				3A0001BC2034AB1C00A68E68 /* mmask.h */,
				3A0001BD2034AB1C00A68E68 /* qrencode.c */,
				3A0001BE2034AB1C00A68E68 /* qrspec.h */,
				3A0001BF2034AB1C00A68E68 /* mqrspec.h */,
				3A0001C02034AB1C00A68E68 /* tests */,
				3A0001C12034AB1C00A68E68 /* split.c */,
				3A0001C22034AB1C00A68E68 /* makeREADME.sh */,
				3A0001C32034AB1C00A68E68 /* qrenc.c */,
				3A0001C42034AB1C00A68E68 /* TODO */,
				3A0001C52034AB1C00A68E68 /* Makefile.am */,
				3A0001C62034AB1C00A68E68 /* README.md */,
				3A0001C72034AB1C00A68E68 /* use */,
				3A0001C82034AB1C00A68E68 /* qrinput.c */,
				3A0001C92034AB1C00A68E68 /* COPYING */,
				3A0001CA2034AB1C00A68E68 /* bitstream.h */,
				3A0001CB2034AB1C00A68E68 /* NEWS */,
				3A0001CC2034AB1C00A68E68 /* .gitignore */,
				3A0001CD2034AB1C00A68E68 /* mask.c */,
				3A0001CE2034AB1C00A68E68 /* rsecc.c */,
				3A0001CF2034AB1C00A68E68 /* mqrspec.c */,
				3A0001D02034AB1C00A68E68 /* qrspec.c */,
				3A0001D12034AB1C00A68E68 /* qrencode.h */,
				3A0001D22034AB1C00A68E68 /* Doxyfile */,
				3A0001D32034AB1C00A68E68 /* mmask.c */,
				3A0001D42034AB1C00A68E68 /* .travis.yml */,
				3A0001D52034AB1C00A68E68 /* split.h */,
				3A0001D62034AB1C00A68E68 /* autogen.sh */,
			);
			sourceTree = "<group>";
		};
/* End PBXGroup section */

/* Begin PBXLegacyTarget section */
		3A0001AF2034AB1C00A68E68 /* libqrencode-4.0.0 */ = {
			isa = PBXLegacyTarget;
			buildArgumentsString = "$(ACTION)";
			buildConfigurationList = 3A0001D72034AB1C00A68E68 /* Build configuration list for PBXLegacyTarget "libqrencode-4.0.0" */;
			buildPhases = (
			);
			buildToolPath = /usr/bin/make;
			buildWorkingDirectory = "/Users/haroldbr/Development/Voltage/libqrencode-4.0.0";
			dependencies = (
			);
			name = "libqrencode-4.0.0";
			passBuildSettingsInEnvironment = 1;
			productName = "libqrencode-4.0.0";
		};
/* End PBXLegacyTarget section */

/* Begin PBXProject section */
		3A0001AB2034AB1C00A68E68 /* Project object */ = {
			isa = PBXProject;
			attributes = {
			};
			buildConfigurationList = 3A0001AE2034AB1C00A68E68 /* Build configuration list for PBXProject "libqrencode-4.0.0" */;
			compatibilityVersion = "Xcode 8.0";
			developmentRegion = en;
			hasScannedForEncodings = 0;
			knownRegions = (
				en,
			);
			mainGroup = 3A0001AA2034AB1C00A68E68;
			projectDirPath = "";
			projectRoot = "";
			targets = (
				3A0001AF2034AB1C00A68E68 /* libqrencode-4.0.0 */,
			);
		};
/* End PBXProject section */

/* Begin XCBuildConfiguration section */
		3A0001AC2034AB1C00A68E68 /* Debug */ = {
			isa = XCBuildConfiguration;
			buildSettings = {
				ARCHS = "$(ARCHS_STANDARD_32_BIT)";
				COPY_PHASE_STRIP = NO;
				GCC_WARN_ABOUT_RETURN_TYPE = YES;
				GCC_WARN_UNUSED_VARIABLE = YES;
				ONLY_ACTIVE_ARCH = YES;
				SDKROOT = macosx10.6;
			};
			name = Debug;
		};
		3A0001AD2034AB1C00A68E68 /* Release */ = {
			isa = XCBuildConfiguration;
			buildSettings = {
				ARCHS = "$(ARCHS_STANDARD_32_BIT)";
				COPY_PHASE_STRIP = YES;
				GCC_WARN_ABOUT_RETURN_TYPE = YES;
				GCC_WARN_UNUSED_VARIABLE = YES;
				SDKROOT = macosx10.6;
			};
			name = Release;
		};
		3A0001D82034AB1C00A68E68 /* Debug */ = {
			isa = XCBuildConfiguration;
			buildSettings = {
				COPY_PHASE_STRIP = NO;
				DEBUGGING_SYMBOLS = YES;
				GCC_DYNAMIC_NO_PIC = NO;
				GCC_ENABLE_FIX_AND_CONTINUE = YES;
				GCC_GENERATE_DEBUGGING_SYMBOLS = YES;
				GCC_OPTIMIZATION_LEVEL = 0;
				OTHER_CFLAGS = "";
				OTHER_LDFLAGS = "";
				PRODUCT_NAME = "libqrencode-4.0.0";
			};
			name = Debug;
		};
		3A0001D92034AB1C00A68E68 /* Release */ = {
			isa = XCBuildConfiguration;
			buildSettings = {
				COPY_PHASE_STRIP = YES;
				DEBUG_INFORMATION_FORMAT = "dwarf-with-dsym";
				GCC_ENABLE_FIX_AND_CONTINUE = NO;
				OTHER_CFLAGS = "";
				OTHER_LDFLAGS = "";
				PRODUCT_NAME = "libqrencode-4.0.0";
			};
			name = Release;
		};
/* End XCBuildConfiguration section */

/* Begin XCConfigurationList section */
		3A0001AE2034AB1C00A68E68 /* Build configuration list for PBXProject "libqrencode-4.0.0" */ = {
			isa = XCConfigurationList;
			buildConfigurations = (
				3A0001AC2034AB1C00A68E68 /* Debug */,
				3A0001AD2034AB1C00A68E68 /* Release */,
			);
			defaultConfigurationIsVisible = 0;
			defaultConfigurationName = Release;
		};
		3A0001D72034AB1C00A68E68 /* Build configuration list for PBXLegacyTarget "libqrencode-4.0.0" */ = {
			isa = XCConfigurationList;
			buildConfigurations = (
				3A0001D82034AB1C00A68E68 /* Debug */,
				3A0001D92034AB1C00A68E68 /* Release */,
			);
			defaultConfigurationIsVisible = 0;
			defaultConfigurationName = Release;
		};
/* End XCConfigurationList section */
	};
	rootObject = 3A0001AB2034AB1C00A68E68 /* Project object */;
}
